
Microsoft Visual Studio Solution File, Format Version 12.00
# Visual Studio 15
VisualStudioVersion = 15.0.28307.489
MinimumVisualStudioVersion = 10.0.40219.1
Project("{FAE04EC0-301F-11D3-BF4B-00C04F79EFBC}") = "App1.Android", "App1\App1.Android\App1.Android.csproj", "{EE313185-D0EE-4007-835E-1DE3069F9CF7}"
EndProject
Project("{FAE04EC0-301F-11D3-BF4B-00C04F79EFBC}") = "App1", "App1\App1\App1.csproj", "{20195C09-D508-439A-89C7-47FDD2DC7A90}"
EndProject
Global
	GlobalSection(SolutionConfigurationPlatforms) = preSolution
		Debug|Any CPU = Debug|Any CPU
		Release|Any CPU = Release|Any CPU
	EndGlobalSection
	GlobalSection(ProjectConfigurationPlatforms) = postSolution
		{EE313185-D0EE-4007-835E-1DE3069F9CF7}.Debug|Any CPU.ActiveCfg = Debug|Any CPU
		{EE313185-D0EE-4007-835E-1DE3069F9CF7}.Debug|Any CPU.Build.0 = Debug|Any CPU
		{EE313185-D0EE-4007-835E-1DE3069F9CF7}.Debug|Any CPU.Deploy.0 = Debug|Any CPU
		{EE313185-D0EE-4007-835E-1DE3069F9CF7}.Release|Any CPU.ActiveCfg = Release|Any CPU
		{EE313185-D0EE-4007-835E-1DE3069F9CF7}.Release|Any CPU.Build.0 = Release|Any CPU
		{EE313185-D0EE-4007-835E-1DE3069F9CF7}.Release|Any CPU.Deploy.0 = Release|Any CPU
		{20195C09-D508-439A-89C7-47FDD2DC7A90}.Debug|Any CPU.ActiveCfg = Debug|Any CPU
		{20195C09-D508-439A-89C7-47FDD2DC7A90}.Debug|Any CPU.Build.0 = Debug|Any CPU
		{20195C09-D508-439A-89C7-47FDD2DC7A90}.Debug|Any CPU.Deploy.0 = Debug|Any CPU
		{20195C09-D508-439A-89C7-47FDD2DC7A90}.Release|Any CPU.ActiveCfg = Release|Any CPU
		{20195C09-D508-439A-89C7-47FDD2DC7A90}.Release|Any CPU.Build.0 = Release|Any CPU
		{20195C09-D508-439A-89C7-47FDD2DC7A90}.Release|Any CPU.Deploy.0 = Release|Any CPU
	EndGlobalSection
	GlobalSection(SolutionProperties) = preSolution
		HideSolutionNode = FALSE
	EndGlobalSection
	GlobalSection(ExtensibilityGlobals) = postSolution
		SolutionGuid = {51DB9079-D8F7-4255-A4CE-18DFC7628101}
	EndGlobalSection
EndGlobal
